
Microsoft Visual Studio Solution File, Format Version 12.00
# Visual Studio Version 17
VisualStudioVersion = 17.5.33414.496
MinimumVisualStudioVersion = 10.0.40219.1
Project("{FAE04EC0-301F-11D3-BF4B-00C04F79EFBC}") = "Proyecto nuevo", "Proyecto nuevo.csproj", "{BE75AFF4-36FA-4BAB-A0CA-0CCDCDDBFBFA}"
EndProject
Global
	GlobalSection(SolutionConfigurationPlatforms) = preSolution
		Debug|Any CPU = Debug|Any CPU
		Release|Any CPU = Release|Any CPU
	EndGlobalSection
	GlobalSection(ProjectConfigurationPlatforms) = postSolution
		{BE75AFF4-36FA-4BAB-A0CA-0CCDCDDBFBFA}.Debug|Any CPU.ActiveCfg = Debug|Any CPU
		{BE75AFF4-36FA-4BAB-A0CA-0CCDCDDBFBFA}.Debug|Any CPU.Build.0 = Debug|Any CPU
		{BE75AFF4-36FA-4BAB-A0CA-0CCDCDDBFBFA}.Release|Any CPU.ActiveCfg = Release|Any CPU
		{BE75AFF4-36FA-4BAB-A0CA-0CCDCDDBFBFA}.Release|Any CPU.Build.0 = Release|Any CPU
	EndGlobalSection
	GlobalSection(SolutionProperties) = preSolution
		HideSolutionNode = FALSE
	EndGlobalSection
	GlobalSection(ExtensibilityGlobals) = postSolution
		SolutionGuid = {3D09EFA0-76C1-4711-95C1-866F64D66AAD}
	EndGlobalSection
EndGlobal
